// !$*UTF8*$!
{
	archiveVersion = 1;
	classes = {
	};
	objectVersion = 50;
	objects = {

/* Begin PBXBuildFile section */
		7E7B1CD956134D546856AD37 /* Pods_WordCounter.framework in Frameworks */ = {isa = PBXBuildFile; fileRef = 1089279684BD359D3EBB5E5A /* Pods_WordCounter.framework */; };
		917A9E5721EB59D5005CF6A3 /* WaitManager.swift in Sources */ = {isa = PBXBuildFile; fileRef = 917A9E5621EB59D5005CF6A3 /* WaitManager.swift */; };
		917A9E5B21EB66A2005CF6A3 /* WordsAndPrimeNumbersTableViewCell.swift in Sources */ = {isa = PBXBuildFile; fileRef = 917A9E5A21EB66A2005CF6A3 /* WordsAndPrimeNumbersTableViewCell.swift */; };
		917A9E6021EB6A7D005CF6A3 /* PrimeWordsCountModel.swift in Sources */ = {isa = PBXBuildFile; fileRef = 917A9E5F21EB6A7D005CF6A3 /* PrimeWordsCountModel.swift */; };
		917A9E6821EB7400005CF6A3 /* PrimeNumbersViewController.swift in Sources */ = {isa = PBXBuildFile; fileRef = 917A9E6721EB7400005CF6A3 /* PrimeNumbersViewController.swift */; };
		91C2B36621EB44AE005D51BA /* AppDelegate.swift in Sources */ = {isa = PBXBuildFile; fileRef = 91C2B36521EB44AE005D51BA /* AppDelegate.swift */; };
		91C2B36821EB44AE005D51BA /* ViewController.swift in Sources */ = {isa = PBXBuildFile; fileRef = 91C2B36721EB44AE005D51BA /* ViewController.swift */; };
		91C2B36B21EB44AE005D51BA /* Main.storyboard in Resources */ = {isa = PBXBuildFile; fileRef = 91C2B36921EB44AE005D51BA /* Main.storyboard */; };
		91C2B36D21EB44B4005D51BA /* Assets.xcassets in Resources */ = {isa = PBXBuildFile; fileRef = 91C2B36C21EB44B4005D51BA /* Assets.xcassets */; };
		91C2B37021EB44B4005D51BA /* LaunchScreen.storyboard in Resources */ = {isa = PBXBuildFile; fileRef = 91C2B36E21EB44B4005D51BA /* LaunchScreen.storyboard */; };
		91D27DAF21EB4636007624E6 /* ListOfWordsCell.swift in Sources */ = {isa = PBXBuildFile; fileRef = 91D27DAE21EB4636007624E6 /* ListOfWordsCell.swift */; };
		91D27DB521EB465C007624E6 /* PrimeWordsCountsInText.swift in Sources */ = {isa = PBXBuildFile; fileRef = 91D27DB021EB465C007624E6 /* PrimeWordsCountsInText.swift */; };
		91D27DB621EB465C007624E6 /* MakeStringFromText.swift in Sources */ = {isa = PBXBuildFile; fileRef = 91D27DB121EB465C007624E6 /* MakeStringFromText.swift */; };
		91D27DB721EB465C007624E6 /* WordCounter.swift in Sources */ = {isa = PBXBuildFile; fileRef = 91D27DB221EB465C007624E6 /* WordCounter.swift */; };
		91D27DB921EB465C007624E6 /* WordsCountModel.swift in Sources */ = {isa = PBXBuildFile; fileRef = 91D27DB421EB465C007624E6 /* WordsCountModel.swift */; };
		91D27DBB21EB46B1007624E6 /* TheHungerGames.txt in Resources */ = {isa = PBXBuildFile; fileRef = 91D27DBA21EB46B1007624E6 /* TheHungerGames.txt */; };
		91D27DD721EB4E50007624E6 /* WordCounterTests.swift in Sources */ = {isa = PBXBuildFile; fileRef = 91D27DD621EB4E50007624E6 /* WordCounterTests.swift */; };
		A6929A806890FC9A65124841 /* Pods_WordCounterTests.framework in Frameworks */ = {isa = PBXBuildFile; fileRef = FA259516023210701702D15D /* Pods_WordCounterTests.framework */; };
/* End PBXBuildFile section */

/* Begin PBXContainerItemProxy section */
		91D27DD921EB4E50007624E6 /* PBXContainerItemProxy */ = {
			isa = PBXContainerItemProxy;
			containerPortal = 91C2B35A21EB44AE005D51BA /* Project object */;
			proxyType = 1;
			remoteGlobalIDString = 91C2B36121EB44AE005D51BA;
			remoteInfo = WordCounter;
		};
/* End PBXContainerItemProxy section */

/* Begin PBXFileReference section */
		1089279684BD359D3EBB5E5A /* Pods_WordCounter.framework */ = {isa = PBXFileReference; explicitFileType = wrapper.framework; includeInIndex = 0; path = Pods_WordCounter.framework; sourceTree = BUILT_PRODUCTS_DIR; };
		44606712EA35B39D8C2024EF /* Pods-WordCounter.debug.xcconfig */ = {isa = PBXFileReference; includeInIndex = 1; lastKnownFileType = text.xcconfig; name = "Pods-WordCounter.debug.xcconfig"; path = "Pods/Target Support Files/Pods-WordCounter/Pods-WordCounter.debug.xcconfig"; sourceTree = "<group>"; };
		7680FA4999106A613F7D7008 /* Pods-WordCounterTests.release.xcconfig */ = {isa = PBXFileReference; includeInIndex = 1; lastKnownFileType = text.xcconfig; name = "Pods-WordCounterTests.release.xcconfig"; path = "Pods/Target Support Files/Pods-WordCounterTests/Pods-WordCounterTests.release.xcconfig"; sourceTree = "<group>"; };
		917A9E5621EB59D5005CF6A3 /* WaitManager.swift */ = {isa = PBXFileReference; lastKnownFileType = sourcecode.swift; path = WaitManager.swift; sourceTree = "<group>"; };
		917A9E5A21EB66A2005CF6A3 /* WordsAndPrimeNumbersTableViewCell.swift */ = {isa = PBXFileReference; lastKnownFileType = sourcecode.swift; path = WordsAndPrimeNumbersTableViewCell.swift; sourceTree = "<group>"; };
		917A9E5F21EB6A7D005CF6A3 /* PrimeWordsCountModel.swift */ = {isa = PBXFileReference; lastKnownFileType = sourcecode.swift; path = PrimeWordsCountModel.swift; sourceTree = "<group>"; };
		917A9E6721EB7400005CF6A3 /* PrimeNumbersViewController.swift */ = {isa = PBXFileReference; fileEncoding = 4; lastKnownFileType = sourcecode.swift; path = PrimeNumbersViewController.swift; sourceTree = "<group>"; };
		91C2B36221EB44AE005D51BA /* WordCounter.app */ = {isa = PBXFileReference; explicitFileType = wrapper.application; includeInIndex = 0; path = WordCounter.app; sourceTree = BUILT_PRODUCTS_DIR; };
		91C2B36521EB44AE005D51BA /* AppDelegate.swift */ = {isa = PBXFileReference; lastKnownFileType = sourcecode.swift; path = AppDelegate.swift; sourceTree = "<group>"; };
		91C2B36721EB44AE005D51BA /* ViewController.swift */ = {isa = PBXFileReference; lastKnownFileType = sourcecode.swift; path = ViewController.swift; sourceTree = "<group>"; };
		91C2B36A21EB44AE005D51BA /* Base */ = {isa = PBXFileReference; lastKnownFileType = file.storyboard; name = Base; path = Base.lproj/Main.storyboard; sourceTree = "<group>"; };
		91C2B36C21EB44B4005D51BA /* Assets.xcassets */ = {isa = PBXFileReference; lastKnownFileType = folder.assetcatalog; path = Assets.xcassets; sourceTree = "<group>"; };
		91C2B36F21EB44B4005D51BA /* Base */ = {isa = PBXFileReference; lastKnownFileType = file.storyboard; name = Base; path = Base.lproj/LaunchScreen.storyboard; sourceTree = "<group>"; };
		91C2B37121EB44B4005D51BA /* Info.plist */ = {isa = PBXFileReference; lastKnownFileType = text.plist.xml; path = Info.plist; sourceTree = "<group>"; };
		91D27DAE21EB4636007624E6 /* ListOfWordsCell.swift */ = {isa = PBXFileReference; fileEncoding = 4; lastKnownFileType = sourcecode.swift; path = ListOfWordsCell.swift; sourceTree = "<group>"; };
		91D27DB021EB465C007624E6 /* PrimeWordsCountsInText.swift */ = {isa = PBXFileReference; fileEncoding = 4; lastKnownFileType = sourcecode.swift; path = PrimeWordsCountsInText.swift; sourceTree = "<group>"; };
		91D27DB121EB465C007624E6 /* MakeStringFromText.swift */ = {isa = PBXFileReference; fileEncoding = 4; lastKnownFileType = sourcecode.swift; path = MakeStringFromText.swift; sourceTree = "<group>"; };
		91D27DB221EB465C007624E6 /* WordCounter.swift */ = {isa = PBXFileReference; fileEncoding = 4; lastKnownFileType = sourcecode.swift; path = WordCounter.swift; sourceTree = "<group>"; };
		91D27DB421EB465C007624E6 /* WordsCountModel.swift */ = {isa = PBXFileReference; fileEncoding = 4; lastKnownFileType = sourcecode.swift; path = WordsCountModel.swift; sourceTree = "<group>"; };
		91D27DBA21EB46B1007624E6 /* TheHungerGames.txt */ = {isa = PBXFileReference; fileEncoding = 4; lastKnownFileType = text; path = TheHungerGames.txt; sourceTree = "<group>"; };
		91D27DD421EB4E50007624E6 /* WordCounterTests.xctest */ = {isa = PBXFileReference; explicitFileType = wrapper.cfbundle; includeInIndex = 0; path = WordCounterTests.xctest; sourceTree = BUILT_PRODUCTS_DIR; };
		91D27DD621EB4E50007624E6 /* WordCounterTests.swift */ = {isa = PBXFileReference; lastKnownFileType = sourcecode.swift; path = WordCounterTests.swift; sourceTree = "<group>"; };
		91D27DD821EB4E50007624E6 /* Info.plist */ = {isa = PBXFileReference; lastKnownFileType = text.plist.xml; path = Info.plist; sourceTree = "<group>"; };
		969B680CA18C6198E47C7B17 /* Pods-WordCounter.release.xcconfig */ = {isa = PBXFileReference; includeInIndex = 1; lastKnownFileType = text.xcconfig; name = "Pods-WordCounter.release.xcconfig"; path = "Pods/Target Support Files/Pods-WordCounter/Pods-WordCounter.release.xcconfig"; sourceTree = "<group>"; };
		F02DB3BDA690A6BCF2E006A7 /* Pods-WordCounterTests.debug.xcconfig */ = {isa = PBXFileReference; includeInIndex = 1; lastKnownFileType = text.xcconfig; name = "Pods-WordCounterTests.debug.xcconfig"; path = "Pods/Target Support Files/Pods-WordCounterTests/Pods-WordCounterTests.debug.xcconfig"; sourceTree = "<group>"; };
		FA259516023210701702D15D /* Pods_WordCounterTests.framework */ = {isa = PBXFileReference; explicitFileType = wrapper.framework; includeInIndex = 0; path = Pods_WordCounterTests.framework; sourceTree = BUILT_PRODUCTS_DIR; };
/* End PBXFileReference section */

/* Begin PBXFrameworksBuildPhase section */
		91C2B35F21EB44AE005D51BA /* Frameworks */ = {
			isa = PBXFrameworksBuildPhase;
			buildActionMask = 2147483647;
			files = (
				7E7B1CD956134D546856AD37 /* Pods_WordCounter.framework in Frameworks */,
			);
			runOnlyForDeploymentPostprocessing = 0;
		};
		91D27DD121EB4E50007624E6 /* Frameworks */ = {
			isa = PBXFrameworksBuildPhase;
			buildActionMask = 2147483647;
			files = (
				A6929A806890FC9A65124841 /* Pods_WordCounterTests.framework in Frameworks */,
			);
			runOnlyForDeploymentPostprocessing = 0;
		};
/* End PBXFrameworksBuildPhase section */

/* Begin PBXGroup section */
		298B0D03B9BF91B0186F4096 /* Pods */ = {
			isa = PBXGroup;
			children = (
				44606712EA35B39D8C2024EF /* Pods-WordCounter.debug.xcconfig */,
				969B680CA18C6198E47C7B17 /* Pods-WordCounter.release.xcconfig */,
				F02DB3BDA690A6BCF2E006A7 /* Pods-WordCounterTests.debug.xcconfig */,
				7680FA4999106A613F7D7008 /* Pods-WordCounterTests.release.xcconfig */,
			);
			name = Pods;
			sourceTree = "<group>";
		};
		84A7707F05F221EA9DE2726B /* Frameworks */ = {
			isa = PBXGroup;
			children = (
				1089279684BD359D3EBB5E5A /* Pods_WordCounter.framework */,
				FA259516023210701702D15D /* Pods_WordCounterTests.framework */,
			);
			name = Frameworks;
			sourceTree = "<group>";
		};
		917A9E5C21EB696E005CF6A3 /* Text */ = {
			isa = PBXGroup;
			children = (
				91D27DB121EB465C007624E6 /* MakeStringFromText.swift */,
				91D27DB021EB465C007624E6 /* PrimeWordsCountsInText.swift */,
				91D27DB221EB465C007624E6 /* WordCounter.swift */,
			);
			path = Text;
			sourceTree = "<group>";
		};
		917A9E5D21EB697B005CF6A3 /* View */ = {
			isa = PBXGroup;
			children = (
				917A9E5621EB59D5005CF6A3 /* WaitManager.swift */,
			);
			path = View;
			sourceTree = "<group>";
		};
		917A9E5E21EB6999005CF6A3 /* Screen1 */ = {
			isa = PBXGroup;
			children = (
				91D27DBF21EB4BCD007624E6 /* Model */,
				91D27DC021EB4C0F007624E6 /* View */,
				91D27DC121EB4C22007624E6 /* Controller */,
			);
			path = Screen1;
			sourceTree = "<group>";
		};
		917A9E6321EB7357005CF6A3 /* Screen2 */ = {
			isa = PBXGroup;
			children = (
				917A9E6521EB7380005CF6A3 /* Model */,
				917A9E6621EB738C005CF6A3 /* View */,
				917A9E6421EB736F005CF6A3 /* Controller */,
			);
			path = Screen2;
			sourceTree = "<group>";
		};
		917A9E6421EB736F005CF6A3 /* Controller */ = {
			isa = PBXGroup;
			children = (
				917A9E6721EB7400005CF6A3 /* PrimeNumbersViewController.swift */,
			);
			path = Controller;
			sourceTree = "<group>";
		};
		917A9E6521EB7380005CF6A3 /* Model */ = {
			isa = PBXGroup;
			children = (
				917A9E5F21EB6A7D005CF6A3 /* PrimeWordsCountModel.swift */,
			);
			path = Model;
			sourceTree = "<group>";
		};
		917A9E6621EB738C005CF6A3 /* View */ = {
			isa = PBXGroup;
			children = (
				917A9E5A21EB66A2005CF6A3 /* WordsAndPrimeNumbersTableViewCell.swift */,
			);
			path = View;
			sourceTree = "<group>";
		};
		91C2B35921EB44AE005D51BA = {
			isa = PBXGroup;
			children = (
				91C2B36421EB44AE005D51BA /* WordCounter */,
				91D27DD521EB4E50007624E6 /* WordCounterTests */,
				91C2B36321EB44AE005D51BA /* Products */,
				298B0D03B9BF91B0186F4096 /* Pods */,
				84A7707F05F221EA9DE2726B /* Frameworks */,
			);
			sourceTree = "<group>";
		};
		91C2B36321EB44AE005D51BA /* Products */ = {
			isa = PBXGroup;
			children = (
				91C2B36221EB44AE005D51BA /* WordCounter.app */,
				91D27DD421EB4E50007624E6 /* WordCounterTests.xctest */,
			);
			name = Products;
			sourceTree = "<group>";
		};
		91C2B36421EB44AE005D51BA /* WordCounter */ = {
			isa = PBXGroup;
			children = (
				91C2B36521EB44AE005D51BA /* AppDelegate.swift */,
				91C2B36921EB44AE005D51BA /* Main.storyboard */,
				917A9E5E21EB6999005CF6A3 /* Screen1 */,
				917A9E6321EB7357005CF6A3 /* Screen2 */,
				91D27DBE21EB4BAE007624E6 /* Utils */,
				91D27DBC21EB46B9007624E6 /* Resources */,
				91D27DBD21EB4B77007624E6 /* SupportingFiles */,
			);
			path = WordCounter;
			sourceTree = "<group>";
		};
		91D27DBC21EB46B9007624E6 /* Resources */ = {
			isa = PBXGroup;
			children = (
				91D27DBA21EB46B1007624E6 /* TheHungerGames.txt */,
			);
			path = Resources;
			sourceTree = "<group>";
		};
		91D27DBD21EB4B77007624E6 /* SupportingFiles */ = {
			isa = PBXGroup;
			children = (
				91C2B36C21EB44B4005D51BA /* Assets.xcassets */,
				91C2B36E21EB44B4005D51BA /* LaunchScreen.storyboard */,
				91C2B37121EB44B4005D51BA /* Info.plist */,
			);
			path = SupportingFiles;
			sourceTree = "<group>";
		};
		91D27DBE21EB4BAE007624E6 /* Utils */ = {
			isa = PBXGroup;
			children = (
				917A9E5D21EB697B005CF6A3 /* View */,
				917A9E5C21EB696E005CF6A3 /* Text */,
			);
			path = Utils;
			sourceTree = "<group>";
		};
		91D27DBF21EB4BCD007624E6 /* Model */ = {
			isa = PBXGroup;
			children = (
				91D27DB421EB465C007624E6 /* WordsCountModel.swift */,
			);
			path = Model;
			sourceTree = "<group>";
		};
		91D27DC021EB4C0F007624E6 /* View */ = {
			isa = PBXGroup;
			children = (
				91D27DAE21EB4636007624E6 /* ListOfWordsCell.swift */,
			);
			path = View;
			sourceTree = "<group>";
		};
		91D27DC121EB4C22007624E6 /* Controller */ = {
			isa = PBXGroup;
			children = (
				91C2B36721EB44AE005D51BA /* ViewController.swift */,
			);
			path = Controller;
			sourceTree = "<group>";
		};
		91D27DD521EB4E50007624E6 /* WordCounterTests */ = {
			isa = PBXGroup;
			children = (
				91D27DD621EB4E50007624E6 /* WordCounterTests.swift */,
				91D27DD821EB4E50007624E6 /* Info.plist */,
			);
			path = WordCounterTests;
			sourceTree = "<group>";
		};
/* End PBXGroup section */

/* Begin PBXNativeTarget section */
		91C2B36121EB44AE005D51BA /* WordCounter */ = {
			isa = PBXNativeTarget;
			buildConfigurationList = 91C2B37421EB44B4005D51BA /* Build configuration list for PBXNativeTarget "WordCounter" */;
			buildPhases = (
				F6815DD2C8EB1D5BF0888812 /* [CP] Check Pods Manifest.lock */,
				91C2B35E21EB44AE005D51BA /* Sources */,
				91C2B35F21EB44AE005D51BA /* Frameworks */,
				91C2B36021EB44AE005D51BA /* Resources */,
				3DAC343E7D1F09ABC7FA1BA9 /* [CP] Embed Pods Frameworks */,
			);
			buildRules = (
			);
			dependencies = (
			);
			name = WordCounter;
			productName = WordCounter;
			productReference = 91C2B36221EB44AE005D51BA /* WordCounter.app */;
			productType = "com.apple.product-type.application";
		};
		91D27DD321EB4E50007624E6 /* WordCounterTests */ = {
			isa = PBXNativeTarget;
			buildConfigurationList = 91D27DDB21EB4E50007624E6 /* Build configuration list for PBXNativeTarget "WordCounterTests" */;
			buildPhases = (
				CBF42DB2810C62F019F4A4C3 /* [CP] Check Pods Manifest.lock */,
				91D27DD021EB4E50007624E6 /* Sources */,
				91D27DD121EB4E50007624E6 /* Frameworks */,
				91D27DD221EB4E50007624E6 /* Resources */,
			);
			buildRules = (
			);
			dependencies = (
				91D27DDA21EB4E50007624E6 /* PBXTargetDependency */,
			);
			name = WordCounterTests;
			productName = WordCounterTests;
			productReference = 91D27DD421EB4E50007624E6 /* WordCounterTests.xctest */;
			productType = "com.apple.product-type.bundle.unit-test";
		};
/* End PBXNativeTarget section */

/* Begin PBXProject section */
		91C2B35A21EB44AE005D51BA /* Project object */ = {
			isa = PBXProject;
			attributes = {
				LastSwiftUpdateCheck = 1010;
				LastUpgradeCheck = 1010;
				ORGANIZATIONNAME = Me;
				TargetAttributes = {
					91C2B36121EB44AE005D51BA = {
						CreatedOnToolsVersion = 10.1;
					};
					91D27DD321EB4E50007624E6 = {
						CreatedOnToolsVersion = 10.1;
						TestTargetID = 91C2B36121EB44AE005D51BA;
					};
				};
			};
			buildConfigurationList = 91C2B35D21EB44AE005D51BA /* Build configuration list for PBXProject "WordCounter" */;
			compatibilityVersion = "Xcode 9.3";
			developmentRegion = en;
			hasScannedForEncodings = 0;
			knownRegions = (
				en,
				Base,
			);
			mainGroup = 91C2B35921EB44AE005D51BA;
			productRefGroup = 91C2B36321EB44AE005D51BA /* Products */;
			projectDirPath = "";
			projectRoot = "";
			targets = (
				91C2B36121EB44AE005D51BA /* WordCounter */,
				91D27DD321EB4E50007624E6 /* WordCounterTests */,
			);
		};
/* End PBXProject section */

/* Begin PBXResourcesBuildPhase section */
		91C2B36021EB44AE005D51BA /* Resources */ = {
			isa = PBXResourcesBuildPhase;
			buildActionMask = 2147483647;
			files = (
				91C2B37021EB44B4005D51BA /* LaunchScreen.storyboard in Resources */,
				91C2B36D21EB44B4005D51BA /* Assets.xcassets in Resources */,
				91C2B36B21EB44AE005D51BA /* Main.storyboard in Resources */,
				91D27DBB21EB46B1007624E6 /* TheHungerGames.txt in Resources */,
			);
			runOnlyForDeploymentPostprocessing = 0;
		};
		91D27DD221EB4E50007624E6 /* Resources */ = {
			isa = PBXResourcesBuildPhase;
			buildActionMask = 2147483647;
			files = (
			);
			runOnlyForDeploymentPostprocessing = 0;
		};
/* End PBXResourcesBuildPhase section */

/* Begin PBXShellScriptBuildPhase section */
		3DAC343E7D1F09ABC7FA1BA9 /* [CP] Embed Pods Frameworks */ = {
			isa = PBXShellScriptBuildPhase;
			buildActionMask = 2147483647;
			files = (
			);
			inputPaths = (
				"${SRCROOT}/Pods/Target Support Files/Pods-WordCounter/Pods-WordCounter-frameworks.sh",
				"${BUILT_PRODUCTS_DIR}/RxAtomic/RxAtomic.framework",
				"${BUILT_PRODUCTS_DIR}/RxCocoa/RxCocoa.framework",
				"${BUILT_PRODUCTS_DIR}/RxSwift/RxSwift.framework",
			);
			name = "[CP] Embed Pods Frameworks";
			outputPaths = (
				"${TARGET_BUILD_DIR}/${FRAMEWORKS_FOLDER_PATH}/RxAtomic.framework",
				"${TARGET_BUILD_DIR}/${FRAMEWORKS_FOLDER_PATH}/RxCocoa.framework",
				"${TARGET_BUILD_DIR}/${FRAMEWORKS_FOLDER_PATH}/RxSwift.framework",
			);
			runOnlyForDeploymentPostprocessing = 0;
			shellPath = /bin/sh;
			shellScript = "\"${SRCROOT}/Pods/Target Support Files/Pods-WordCounter/Pods-WordCounter-frameworks.sh\"\n";
			showEnvVarsInLog = 0;
		};
		CBF42DB2810C62F019F4A4C3 /* [CP] Check Pods Manifest.lock */ = {
			isa = PBXShellScriptBuildPhase;
			buildActionMask = 2147483647;
			files = (
			);
			inputPaths = (
				"${PODS_PODFILE_DIR_PATH}/Podfile.lock",
				"${PODS_ROOT}/Manifest.lock",
			);
			name = "[CP] Check Pods Manifest.lock";
			outputPaths = (
				"$(DERIVED_FILE_DIR)/Pods-WordCounterTests-checkManifestLockResult.txt",
			);
			runOnlyForDeploymentPostprocessing = 0;
			shellPath = /bin/sh;
			shellScript = "diff \"${PODS_PODFILE_DIR_PATH}/Podfile.lock\" \"${PODS_ROOT}/Manifest.lock\" > /dev/null\nif [ $? != 0 ] ; then\n    # print error to STDERR\n    echo \"error: The sandbox is not in sync with the Podfile.lock. Run 'pod install' or update your CocoaPods installation.\" >&2\n    exit 1\nfi\n# This output is used by Xcode 'outputs' to avoid re-running this script phase.\necho \"SUCCESS\" > \"${SCRIPT_OUTPUT_FILE_0}\"\n";
			showEnvVarsInLog = 0;
		};
		F6815DD2C8EB1D5BF0888812 /* [CP] Check Pods Manifest.lock */ = {
			isa = PBXShellScriptBuildPhase;
			buildActionMask = 2147483647;
			files = (
			);
			inputPaths = (
				"${PODS_PODFILE_DIR_PATH}/Podfile.lock",
				"${PODS_ROOT}/Manifest.lock",
			);
			name = "[CP] Check Pods Manifest.lock";
			outputPaths = (
				"$(DERIVED_FILE_DIR)/Pods-WordCounter-checkManifestLockResult.txt",
			);
			runOnlyForDeploymentPostprocessing = 0;
			shellPath = /bin/sh;
			shellScript = "diff \"${PODS_PODFILE_DIR_PATH}/Podfile.lock\" \"${PODS_ROOT}/Manifest.lock\" > /dev/null\nif [ $? != 0 ] ; then\n    # print error to STDERR\n    echo \"error: The sandbox is not in sync with the Podfile.lock. Run 'pod install' or update your CocoaPods installation.\" >&2\n    exit 1\nfi\n# This output is used by Xcode 'outputs' to avoid re-running this script phase.\necho \"SUCCESS\" > \"${SCRIPT_OUTPUT_FILE_0}\"\n";
			showEnvVarsInLog = 0;
		};
/* End PBXShellScriptBuildPhase section */

/* Begin PBXSourcesBuildPhase section */
		91C2B35E21EB44AE005D51BA /* Sources */ = {
			isa = PBXSourcesBuildPhase;
			buildActionMask = 2147483647;
			files = (
				91D27DAF21EB4636007624E6 /* ListOfWordsCell.swift in Sources */,
				91C2B36821EB44AE005D51BA /* ViewController.swift in Sources */,
				917A9E5721EB59D5005CF6A3 /* WaitManager.swift in Sources */,
				917A9E5B21EB66A2005CF6A3 /* WordsAndPrimeNumbersTableViewCell.swift in Sources */,
				91C2B36621EB44AE005D51BA /* AppDelegate.swift in Sources */,
				91D27DB621EB465C007624E6 /* MakeStringFromText.swift in Sources */,
				917A9E6021EB6A7D005CF6A3 /* PrimeWordsCountModel.swift in Sources */,
				917A9E6821EB7400005CF6A3 /* PrimeNumbersViewController.swift in Sources */,
				91D27DB721EB465C007624E6 /* WordCounter.swift in Sources */,
				91D27DB521EB465C007624E6 /* PrimeWordsCountsInText.swift in Sources */,
				91D27DB921EB465C007624E6 /* WordsCountModel.swift in Sources */,
			);
			runOnlyForDeploymentPostprocessing = 0;
		};
		91D27DD021EB4E50007624E6 /* Sources */ = {
			isa = PBXSourcesBuildPhase;
			buildActionMask = 2147483647;
			files = (
				91D27DD721EB4E50007624E6 /* WordCounterTests.swift in Sources */,
			);
			runOnlyForDeploymentPostprocessing = 0;
		};
/* End PBXSourcesBuildPhase section */

/* Begin PBXTargetDependency section */
		91D27DDA21EB4E50007624E6 /* PBXTargetDependency */ = {
			isa = PBXTargetDependency;
			target = 91C2B36121EB44AE005D51BA /* WordCounter */;
			targetProxy = 91D27DD921EB4E50007624E6 /* PBXContainerItemProxy */;
		};
/* End PBXTargetDependency section */

/* Begin PBXVariantGroup section */
		91C2B36921EB44AE005D51BA /* Main.storyboard */ = {
			isa = PBXVariantGroup;
			children = (
				91C2B36A21EB44AE005D51BA /* Base */,
			);
			name = Main.storyboard;
			sourceTree = "<group>";
		};
		91C2B36E21EB44B4005D51BA /* LaunchScreen.storyboard */ = {
			isa = PBXVariantGroup;
			children = (
				91C2B36F21EB44B4005D51BA /* Base */,
			);
			name = LaunchScreen.storyboard;
			sourceTree = "<group>";
		};
/* End PBXVariantGroup section */

/* Begin XCBuildConfiguration section */
		91C2B37221EB44B4005D51BA /* Debug */ = {
			isa = XCBuildConfiguration;
			buildSettings = {
				ALWAYS_SEARCH_USER_PATHS = NO;
				CLANG_ANALYZER_NONNULL = YES;
				CLANG_ANALYZER_NUMBER_OBJECT_CONVERSION = YES_AGGRESSIVE;
				CLANG_CXX_LANGUAGE_STANDARD = "gnu++14";
				CLANG_CXX_LIBRARY = "libc++";
				CLANG_ENABLE_MODULES = YES;
				CLANG_ENABLE_OBJC_ARC = YES;
				CLANG_ENABLE_OBJC_WEAK = YES;
				CLANG_WARN_BLOCK_CAPTURE_AUTORELEASING = YES;
				CLANG_WARN_BOOL_CONVERSION = YES;
				CLANG_WARN_COMMA = YES;
				CLANG_WARN_CONSTANT_CONVERSION = YES;
				CLANG_WARN_DEPRECATED_OBJC_IMPLEMENTATIONS = YES;
				CLANG_WARN_DIRECT_OBJC_ISA_USAGE = YES_ERROR;
				CLANG_WARN_DOCUMENTATION_COMMENTS = YES;
				CLANG_WARN_EMPTY_BODY = YES;
				CLANG_WARN_ENUM_CONVERSION = YES;
				CLANG_WARN_INFINITE_RECURSION = YES;
				CLANG_WARN_INT_CONVERSION = YES;
				CLANG_WARN_NON_LITERAL_NULL_CONVERSION = YES;
				CLANG_WARN_OBJC_IMPLICIT_RETAIN_SELF = YES;
				CLANG_WARN_OBJC_LITERAL_CONVERSION = YES;
				CLANG_WARN_OBJC_ROOT_CLASS = YES_ERROR;
				CLANG_WARN_RANGE_LOOP_ANALYSIS = YES;
				CLANG_WARN_STRICT_PROTOTYPES = YES;
				CLANG_WARN_SUSPICIOUS_MOVE = YES;
				CLANG_WARN_UNGUARDED_AVAILABILITY = YES_AGGRESSIVE;
				CLANG_WARN_UNREACHABLE_CODE = YES;
				CLANG_WARN__DUPLICATE_METHOD_MATCH = YES;
				CODE_SIGN_IDENTITY = "iPhone Developer";
				COPY_PHASE_STRIP = NO;
				DEBUG_INFORMATION_FORMAT = dwarf;
				ENABLE_STRICT_OBJC_MSGSEND = YES;
				ENABLE_TESTABILITY = YES;
				GCC_C_LANGUAGE_STANDARD = gnu11;
				GCC_DYNAMIC_NO_PIC = NO;
				GCC_NO_COMMON_BLOCKS = YES;
				GCC_OPTIMIZATION_LEVEL = 0;
				GCC_PREPROCESSOR_DEFINITIONS = (
					"DEBUG=1",
					"$(inherited)",
				);
				GCC_WARN_64_TO_32_BIT_CONVERSION = YES;
				GCC_WARN_ABOUT_RETURN_TYPE = YES_ERROR;
				GCC_WARN_UNDECLARED_SELECTOR = YES;
				GCC_WARN_UNINITIALIZED_AUTOS = YES_AGGRESSIVE;
				GCC_WARN_UNUSED_FUNCTION = YES;
				GCC_WARN_UNUSED_VARIABLE = YES;
				IPHONEOS_DEPLOYMENT_TARGET = 12.1;
				MTL_ENABLE_DEBUG_INFO = INCLUDE_SOURCE;
				MTL_FAST_MATH = YES;
				ONLY_ACTIVE_ARCH = YES;
				SDKROOT = iphoneos;
				SWIFT_ACTIVE_COMPILATION_CONDITIONS = DEBUG;
				SWIFT_OPTIMIZATION_LEVEL = "-Onone";
			};
			name = Debug;
		};
		91C2B37321EB44B4005D51BA /* Release */ = {
			isa = XCBuildConfiguration;
			buildSettings = {
				ALWAYS_SEARCH_USER_PATHS = NO;
				CLANG_ANALYZER_NONNULL = YES;
				CLANG_ANALYZER_NUMBER_OBJECT_CONVERSION = YES_AGGRESSIVE;
				CLANG_CXX_LANGUAGE_STANDARD = "gnu++14";
				CLANG_CXX_LIBRARY = "libc++";
				CLANG_ENABLE_MODULES = YES;
				CLANG_ENABLE_OBJC_ARC = YES;
				CLANG_ENABLE_OBJC_WEAK = YES;
				CLANG_WARN_BLOCK_CAPTURE_AUTORELEASING = YES;
				CLANG_WARN_BOOL_CONVERSION = YES;
				CLANG_WARN_COMMA = YES;
				CLANG_WARN_CONSTANT_CONVERSION = YES;
				CLANG_WARN_DEPRECATED_OBJC_IMPLEMENTATIONS = YES;
				CLANG_WARN_DIRECT_OBJC_ISA_USAGE = YES_ERROR;
				CLANG_WARN_DOCUMENTATION_COMMENTS = YES;
				CLANG_WARN_EMPTY_BODY = YES;
				CLANG_WARN_ENUM_CONVERSION = YES;
				CLANG_WARN_INFINITE_RECURSION = YES;
				CLANG_WARN_INT_CONVERSION = YES;
				CLANG_WARN_NON_LITERAL_NULL_CONVERSION = YES;
				CLANG_WARN_OBJC_IMPLICIT_RETAIN_SELF = YES;
				CLANG_WARN_OBJC_LITERAL_CONVERSION = YES;
				CLANG_WARN_OBJC_ROOT_CLASS = YES_ERROR;
				CLANG_WARN_RANGE_LOOP_ANALYSIS = YES;
				CLANG_WARN_STRICT_PROTOTYPES = YES;
				CLANG_WARN_SUSPICIOUS_MOVE = YES;
				CLANG_WARN_UNGUARDED_AVAILABILITY = YES_AGGRESSIVE;
				CLANG_WARN_UNREACHABLE_CODE = YES;
				CLANG_WARN__DUPLICATE_METHOD_MATCH = YES;
				CODE_SIGN_IDENTITY = "iPhone Developer";
				COPY_PHASE_STRIP = NO;
				DEBUG_INFORMATION_FORMAT = "dwarf-with-dsym";
				ENABLE_NS_ASSERTIONS = NO;
				ENABLE_STRICT_OBJC_MSGSEND = YES;
				GCC_C_LANGUAGE_STANDARD = gnu11;
				GCC_NO_COMMON_BLOCKS = YES;
				GCC_WARN_64_TO_32_BIT_CONVERSION = YES;
				GCC_WARN_ABOUT_RETURN_TYPE = YES_ERROR;
				GCC_WARN_UNDECLARED_SELECTOR = YES;
				GCC_WARN_UNINITIALIZED_AUTOS = YES_AGGRESSIVE;
				GCC_WARN_UNUSED_FUNCTION = YES;
				GCC_WARN_UNUSED_VARIABLE = YES;
				IPHONEOS_DEPLOYMENT_TARGET = 12.1;
				MTL_ENABLE_DEBUG_INFO = NO;
				MTL_FAST_MATH = YES;
				SDKROOT = iphoneos;
				SWIFT_COMPILATION_MODE = wholemodule;
				SWIFT_OPTIMIZATION_LEVEL = "-O";
				VALIDATE_PRODUCT = YES;
			};
			name = Release;
		};
		91C2B37521EB44B4005D51BA /* Debug */ = {
			isa = XCBuildConfiguration;
			baseConfigurationReference = 44606712EA35B39D8C2024EF /* Pods-WordCounter.debug.xcconfig */;
			buildSettings = {
				ASSETCATALOG_COMPILER_APPICON_NAME = AppIcon;
				CODE_SIGN_STYLE = Automatic;
				DEVELOPMENT_TEAM = 62VH8HUUA2;
				INFOPLIST_FILE = "$(SRCROOT)/WordCounter/SupportingFiles/Info.plist";
				LD_RUNPATH_SEARCH_PATHS = (
					"$(inherited)",
					"@executable_path/Frameworks",
				);
				PRODUCT_BUNDLE_IDENTIFIER = angelina.com.WordCounter;
				PRODUCT_NAME = "$(TARGET_NAME)";
				SWIFT_VERSION = 4.2;
				TARGETED_DEVICE_FAMILY = "1,2";
			};
			name = Debug;
		};
		91C2B37621EB44B4005D51BA /* Release */ = {
			isa = XCBuildConfiguration;
			baseConfigurationReference = 969B680CA18C6198E47C7B17 /* Pods-WordCounter.release.xcconfig */;
			buildSettings = {
				ASSETCATALOG_COMPILER_APPICON_NAME = AppIcon;
				CODE_SIGN_STYLE = Automatic;
				DEVELOPMENT_TEAM = 62VH8HUUA2;
				INFOPLIST_FILE = "$(SRCROOT)/WordCounter/SupportingFiles/Info.plist";
				LD_RUNPATH_SEARCH_PATHS = (
					"$(inherited)",
					"@executable_path/Frameworks",
				);
				PRODUCT_BUNDLE_IDENTIFIER = angelina.com.WordCounter;
				PRODUCT_NAME = "$(TARGET_NAME)";
				SWIFT_VERSION = 4.2;
				TARGETED_DEVICE_FAMILY = "1,2";
			};
			name = Release;
		};
		91D27DDC21EB4E50007624E6 /* Debug */ = {
			isa = XCBuildConfiguration;
			baseConfigurationReference = F02DB3BDA690A6BCF2E006A7 /* Pods-WordCounterTests.debug.xcconfig */;
			buildSettings = {
				BUNDLE_LOADER = "$(TEST_HOST)";
				CODE_SIGN_STYLE = Automatic;
				DEVELOPMENT_TEAM = 62VH8HUUA2;
				INFOPLIST_FILE = WordCounterTests/Info.plist;
				LD_RUNPATH_SEARCH_PATHS = (
					"$(inherited)",
					"@executable_path/Frameworks",
					"@loader_path/Frameworks",
				);
				PRODUCT_BUNDLE_IDENTIFIER = angelina.com.WordCounterTests;
				PRODUCT_NAME = "$(TARGET_NAME)";
				SWIFT_VERSION = 4.2;
				TARGETED_DEVICE_FAMILY = "1,2";
				TEST_HOST = "$(BUILT_PRODUCTS_DIR)/WordCounter.app/WordCounter";
			};
			name = Debug;
		};
		91D27DDD21EB4E50007624E6 /* Release */ = {
			isa = XCBuildConfiguration;
			baseConfigurationReference = 7680FA4999106A613F7D7008 /* Pods-WordCounterTests.release.xcconfig */;
			buildSettings = {
				BUNDLE_LOADER = "$(TEST_HOST)";
				CODE_SIGN_STYLE = Automatic;
				DEVELOPMENT_TEAM = 62VH8HUUA2;
				INFOPLIST_FILE = WordCounterTests/Info.plist;
				LD_RUNPATH_SEARCH_PATHS = (
					"$(inherited)",
					"@executable_path/Frameworks",
					"@loader_path/Frameworks",
				);
				PRODUCT_BUNDLE_IDENTIFIER = angelina.com.WordCounterTests;
				PRODUCT_NAME = "$(TARGET_NAME)";
				SWIFT_VERSION = 4.2;
				TARGETED_DEVICE_FAMILY = "1,2";
				TEST_HOST = "$(BUILT_PRODUCTS_DIR)/WordCounter.app/WordCounter";
			};
			name = Release;
		};
/* End XCBuildConfiguration section */

/* Begin XCConfigurationList section */
		91C2B35D21EB44AE005D51BA /* Build configuration list for PBXProject "WordCounter" */ = {
			isa = XCConfigurationList;
			buildConfigurations = (
				91C2B37221EB44B4005D51BA /* Debug */,
				91C2B37321EB44B4005D51BA /* Release */,
			);
			defaultConfigurationIsVisible = 0;
			defaultConfigurationName = Release;
		};
		91C2B37421EB44B4005D51BA /* Build configuration list for PBXNativeTarget "WordCounter" */ = {
			isa = XCConfigurationList;
			buildConfigurations = (
				91C2B37521EB44B4005D51BA /* Debug */,
				91C2B37621EB44B4005D51BA /* Release */,
			);
			defaultConfigurationIsVisible = 0;
			defaultConfigurationName = Release;
		};
		91D27DDB21EB4E50007624E6 /* Build configuration list for PBXNativeTarget "WordCounterTests" */ = {
			isa = XCConfigurationList;
			buildConfigurations = (
				91D27DDC21EB4E50007624E6 /* Debug */,
				91D27DDD21EB4E50007624E6 /* Release */,
			);
			defaultConfigurationIsVisible = 0;
			defaultConfigurationName = Release;
		};
/* End XCConfigurationList section */
	};
	rootObject = 91C2B35A21EB44AE005D51BA /* Project object */;
}
